
Microsoft Visual Studio Solution File, Format Version 12.00
# Visual Studio Version 17
VisualStudioVersion = 17.14.36310.24 d17.14
MinimumVisualStudioVersion = 10.0.40219.1
Project("{FAE04EC0-301F-11D3-BF4B-00C04F79EFBC}") = "Aula12-11", "Aula12-11.csproj", "{143533BA-47CD-4C4A-A238-B7DBC15BDB58}"
EndProject
Global
	GlobalSection(SolutionConfigurationPlatforms) = preSolution
		Debug|Any CPU = Debug|Any CPU
		Release|Any CPU = Release|Any CPU
	EndGlobalSection
	GlobalSection(ProjectConfigurationPlatforms) = postSolution
		{143533BA-47CD-4C4A-A238-B7DBC15BDB58}.Debug|Any CPU.ActiveCfg = Debug|Any CPU
		{143533BA-47CD-4C4A-A238-B7DBC15BDB58}.Debug|Any CPU.Build.0 = Debug|Any CPU
		{143533BA-47CD-4C4A-A238-B7DBC15BDB58}.Release|Any CPU.ActiveCfg = Release|Any CPU
		{143533BA-47CD-4C4A-A238-B7DBC15BDB58}.Release|Any CPU.Build.0 = Release|Any CPU
	EndGlobalSection
	GlobalSection(SolutionProperties) = preSolution
		HideSolutionNode = FALSE
	EndGlobalSection
	GlobalSection(ExtensibilityGlobals) = postSolution
		SolutionGuid = {70554D94-0A83-4662-AA4E-0F0F4E8F0D38}
	EndGlobalSection
EndGlobal
